version: 6
environments:
  default:
    channels:
    - url: https://conda.anaconda.org/conda-forge/
    packages:
      win-64:
      - conda: https://conda.anaconda.org/conda-forge/win-64/_openmp_mutex-4.5-20_gnu.conda
      - conda: https://conda.anaconda.org/conda-forge/noarch/absl-py-2.4.0-pyhd8ed1ab_0.conda
      - conda: https://conda.anaconda.org/conda-forge/win-64/binutils_impl_win-64-2.45.1-default_ha84baeb_102.conda
      - conda: https://conda.anaconda.org/conda-forge/win-64/binutils_win-64-2.45.1-default_hd1c8def_102.conda
      - conda: https://conda.anaconda.org/conda-forge/win-64/bzip2-1.0.8-h0ad9c76_9.conda
      - conda: https://conda.anaconda.org/conda-forge/noarch/ca-certificates-2026.5.20-h4c7d964_0.conda
      - conda: https://conda.anaconda.org/conda-forge/noarch/etils-1.12.2-pyhd8ed1ab_0.conda
      - conda: https://conda.anaconda.org/conda-forge/noarch/fsspec-2026.4.0-pyhd8ed1ab_0.conda
      - conda: https://conda.anaconda.org/conda-forge/win-64/gcc_impl_win-64-15.2.0-h062b9a2_19.conda
      - conda: https://conda.anaconda.org/conda-forge/win-64/gcc_win-64-15.2.0-ha204fe2_25.conda
      - conda: https://conda.anaconda.org/conda-forge/win-64/gendef-v12.0.0.r1.ggdc42231f0-he1bec0e_1.conda
      - conda: https://conda.anaconda.org/conda-forge/win-64/glfw-3.4-hfd05255_1.conda
      - conda: https://conda.anaconda.org/conda-forge/win-64/gxx_impl_win-64-15.2.0-h22fd5bf_19.conda
      - conda: https://conda.anaconda.org/conda-forge/win-64/gxx_win-64-15.2.0-h4dfe0ec_25.conda
      - conda: https://conda.anaconda.org/conda-forge/noarch/importlib_resources-7.1.0-pyhd8ed1ab_0.conda
      - conda: https://conda.anaconda.org/conda-forge/win-64/ld_impl_win-64-2.45.1-default_hfd38196_102.conda
      - conda: https://conda.anaconda.org/conda-forge/win-64/libabseil-20260107.1-cxx17_h0eb2380_0.conda
      - conda: https://conda.anaconda.org/conda-forge/win-64/libblas-3.11.0-8_h8455456_mkl.conda
      - conda: https://conda.anaconda.org/conda-forge/win-64/libcblas-3.11.0-8_h2a3cdd5_mkl.conda
      - conda: https://conda.anaconda.org/conda-forge/win-64/libccd-double-2.1-h63175ca_3.conda
      - conda: https://conda.anaconda.org/conda-forge/win-64/libexpat-2.8.1-hac47afa_0.conda
      - conda: https://conda.anaconda.org/conda-forge/win-64/libffi-3.5.2-h3d046cb_0.conda
      - conda: https://conda.anaconda.org/conda-forge/win-64/libgcc-15.2.0-h8ee18e1_19.conda
      - conda: https://conda.anaconda.org/conda-forge/noarch/libgcc-devel_win-64-15.2.0-hbb59886_119.conda
      - conda: https://conda.anaconda.org/conda-forge/win-64/libgomp-15.2.0-h8ee18e1_19.conda
      - conda: https://conda.anaconda.org/conda-forge/win-64/libhwloc-2.13.0-default_h049141e_1000.conda
      - conda: https://conda.anaconda.org/conda-forge/win-64/libiconv-1.18-hc1393d2_2.conda
      - conda: https://conda.anaconda.org/conda-forge/win-64/liblapack-3.11.0-8_hf9ab0e9_mkl.conda
      - conda: https://conda.anaconda.org/conda-forge/win-64/liblzma-5.8.3-hfd05255_0.conda
      - conda: https://conda.anaconda.org/conda-forge/win-64/libmpdec-4.0.0-hfd05255_1.conda
      - conda: https://conda.anaconda.org/conda-forge/win-64/libmujoco-3.9.0-hdb168cf_0.conda
      - conda: https://conda.anaconda.org/conda-forge/win-64/libsqlite-3.53.2-hf5d6505_0.conda
      - conda: https://conda.anaconda.org/conda-forge/win-64/libstdcxx-15.2.0-hae5796f_19.conda
      - conda: https://conda.anaconda.org/conda-forge/noarch/libstdcxx-devel_win-64-15.2.0-h0a72980_119.conda
      - conda: https://conda.anaconda.org/conda-forge/win-64/libtinyobjloader-2.0.0rc13-h5112557_1.conda
      - conda: https://conda.anaconda.org/conda-forge/win-64/libwinpthread-12.0.0.r4.gg4f2fc60ca-h57928b3_10.conda
      - conda: https://conda.anaconda.org/conda-forge/win-64/libxml2-16-2.15.3-h692994f_0.conda
      - conda: https://conda.anaconda.org/conda-forge/win-64/libxml2-2.15.3-hbc0d294_0.conda
      - conda: https://conda.anaconda.org/conda-forge/win-64/libzlib-1.3.2-hfd05255_2.conda
      - conda: https://conda.anaconda.org/conda-forge/win-64/llvm-openmp-22.1.7-h4fa8253_0.conda
      - conda: https://conda.anaconda.org/conda-forge/win-64/lodepng-20220109-h2d74725_0.tar.bz2
      - conda: https://conda.anaconda.org/conda-forge/win-64/m2-conda-epoch-20250515-0_x86_64.conda
      - conda: https://conda.anaconda.org/conda-forge/noarch/m2w64-sysroot_win-64-12.0.0.r4.gg4f2fc60ca-hd8ed1ab_10.conda
      - conda: https://conda.anaconda.org/conda-forge/win-64/make-4.4.1-h0e40799_2.conda
      - conda: https://conda.anaconda.org/conda-forge/noarch/mingw-w64-ucrt-x86_64-crt-git-12.0.0.r4.gg4f2fc60ca-hd8ed1ab_10.conda
      - conda: https://conda.anaconda.org/conda-forge/noarch/mingw-w64-ucrt-x86_64-headers-git-12.0.0.r4.gg4f2fc60ca-hd8ed1ab_10.conda
      - conda: https://conda.anaconda.org/conda-forge/noarch/mingw-w64-ucrt-x86_64-windows-default-manifest-6.4-he206cdd_7.conda
      - conda: https://conda.anaconda.org/conda-forge/noarch/mingw-w64-ucrt-x86_64-winpthreads-git-12.0.0.r4.gg4f2fc60ca-hd8ed1ab_10.conda
      - conda: https://conda.anaconda.org/conda-forge/win-64/mkl-2026.0.0-hac47afa_908.conda
      - conda: https://conda.anaconda.org/conda-forge/win-64/mujoco-3.9.0-h44891ce_0.conda
      - conda: https://conda.anaconda.org/conda-forge/win-64/mujoco-python-3.9.0-np2py314h5a87da7_0.conda
      - conda: https://conda.anaconda.org/conda-forge/win-64/mujoco-samples-3.9.0-h4fb1d53_0.conda
      - conda: https://conda.anaconda.org/conda-forge/win-64/mujoco-simulate-3.9.0-h3337d44_0.conda
      - conda: https://conda.anaconda.org/conda-forge/win-64/numpy-2.4.6-py314h02f10f6_0.conda
      - conda: https://conda.anaconda.org/conda-forge/win-64/onemkl-license-2026.0.0-h57928b3_908.conda
      - conda: https://conda.anaconda.org/conda-forge/win-64/openssl-3.6.3-hf411b9b_0.conda
      - conda: https://conda.anaconda.org/conda-forge/noarch/pybind11-abi-11-hc364b38_1.conda
      - conda: https://conda.anaconda.org/conda-forge/noarch/pyglfw-2.10.0-pyha770c72_0.conda
      - conda: https://conda.anaconda.org/conda-forge/noarch/pyopengl-3.1.10-pyh7428d3b_2.conda
      - conda: https://conda.anaconda.org/conda-forge/win-64/python-3.14.5-h4b44e0e_100_cp314.conda
      - conda: https://conda.anaconda.org/conda-forge/noarch/python_abi-3.14-8_cp314.conda
      - conda: https://conda.anaconda.org/conda-forge/win-64/qhull-2020.2-hc790b64_5.conda
      - conda: https://conda.anaconda.org/conda-forge/win-64/tbb-2023.0.0-hd3d4ead_2.conda
      - conda: https://conda.anaconda.org/conda-forge/win-64/tinyxml2-11.0.0-he0c23c2_0.conda
      - conda: https://conda.anaconda.org/conda-forge/win-64/tk-8.6.13-h6ed50ae_3.conda
      - conda: https://conda.anaconda.org/conda-forge/noarch/typing_extensions-4.15.0-pyhcf101f3_0.conda
      - conda: https://conda.anaconda.org/conda-forge/noarch/tzdata-2025c-hc9c84f9_1.conda
      - conda: https://conda.anaconda.org/conda-forge/win-64/ucrt-10.0.26100.0-h57928b3_0.conda
      - conda: https://conda.anaconda.org/conda-forge/win-64/vc-14.5-h1b7c187_38.conda
      - conda: https://conda.anaconda.org/conda-forge/win-64/vc14_runtime-14.51.36231-h1b9f54f_38.conda
      - conda: https://conda.anaconda.org/conda-forge/win-64/vcomp14-14.51.36231-h1b9f54f_38.conda
      - conda: https://conda.anaconda.org/conda-forge/win-64/vs2015_runtime-14.51.36231-h84cd919_38.conda
      - conda: https://conda.anaconda.org/conda-forge/noarch/zipp-4.1.0-pyhcf101f3_0.conda
      - conda: https://conda.anaconda.org/conda-forge/win-64/zstd-1.5.7-h534d264_6.conda
packages:
- conda: https://conda.anaconda.org/conda-forge/win-64/_openmp_mutex-4.5-20_gnu.conda
  build_number: 20
  sha256: 8a1cee28bd0ee7451ada1cd50b64720e57e17ff994fc62dd8329bef570d382e4
  md5: 1626967b574d1784b578b52eaeb071e7
  depends:
  - libgomp >=7.5.0
  - libwinpthread >=12.0.0.r4.gg4f2fc60ca
  constrains:
  - openmp_impl <0.0a0
  - msys2-conda-epoch <0.0a0
  license: BSD-3-Clause
  license_family: BSD
  size: 52252
  timestamp: 1770943776666
- conda: https://conda.anaconda.org/conda-forge/noarch/absl-py-2.4.0-pyhd8ed1ab_0.conda
  sha256: 0e5e34179a52e0f3aa3c92904bd326de1d1cd74c6fe3bd98f8b8b6889491c7e4
  md5: a46362fa67f5138d526715107be0ee32
  depends:
  - python >=3.10
  license: Apache-2.0
  license_family: Apache
  size: 109955
  timestamp: 1769637168641
- conda: https://conda.anaconda.org/conda-forge/win-64/binutils_impl_win-64-2.45.1-default_ha84baeb_102.conda
  sha256: 9123bf592bca01e226eeaf7ad70853a54eaae30d7585be5751eed2d6624bc39a
  md5: 74d89550a0a593e67a32fd1d2509a85a
  depends:
  - ld_impl_win-64 2.45.1 default_hfd38196_102
  - m2w64-sysroot_win-64 >=12.0.0.r0
  - zstd >=1.5.7,<1.6.0a0
  license: GPL-3.0-only
  license_family: GPL
  size: 6121562
  timestamp: 1774198074938
- conda: https://conda.anaconda.org/conda-forge/win-64/binutils_win-64-2.45.1-default_hd1c8def_102.conda
  sha256: ae54268a13816226399d49d6a39d0ec1479f6662c4a62eea2122b75ce6fecbb6
  md5: bbb1f64fc245ee759c7c503db2d28f92
  depends:
  - binutils_impl_win-64 2.45.1 default_ha84baeb_102
  license: GPL-3.0-only
  license_family: GPL
  size: 37436
  timestamp: 1774198116385
- conda: https://conda.anaconda.org/conda-forge/win-64/bzip2-1.0.8-h0ad9c76_9.conda
  sha256: 76dfb71df5e8d1c4eded2dbb5ba15bb8fb2e2b0fe42d94145d5eed4c75c35902
  md5: 4cb8e6b48f67de0b018719cdf1136306
  depends:
  - ucrt >=10.0.20348.0
  - vc >=14.3,<15
  - vc14_runtime >=14.44.35208
  license: bzip2-1.0.6
  license_family: BSD
  size: 56115
  timestamp: 1771350256444
- conda: https://conda.anaconda.org/conda-forge/noarch/ca-certificates-2026.5.20-h4c7d964_0.conda
  sha256: 86981d764e4ea1883409d30447ff9da46127426d31a63df08315aaded768e652
  md5: c9b86eece2f944541b86441c94117ab3
  depends:
  - __win
  license: ISC
  size: 130182
  timestamp: 1779289939595
- conda: https://conda.anaconda.org/conda-forge/noarch/etils-1.12.2-pyhd8ed1ab_0.conda
  sha256: 805ee8cc651a4bf056c39f8b1fdf64b393455bc10b2fd8cc3a99b0f7e7475f77
  md5: 05ecb9e7a6f7bc5319aa61866545a746
  depends:
  - python >=3.10
  license: Apache-2.0
  license_family: APACHE
  size: 787805
  timestamp: 1741838050970
- conda: https://conda.anaconda.org/conda-forge/noarch/fsspec-2026.4.0-pyhd8ed1ab_0.conda
  sha256: 079701b4ff3b317a1a158cabd48cf2b856b8b8d3ef44f152809d9acf20cc8e10
  md5: 2c11aa96ea85ced419de710c1c3a78ff
  depends:
  - python >=3.10
  license: BSD-3-Clause
  license_family: BSD
  size: 149694
  timestamp: 1777547807038
- conda: https://conda.anaconda.org/conda-forge/win-64/gcc_impl_win-64-15.2.0-h062b9a2_19.conda
  sha256: 9a1087fc15253a923d6c4f3a313285b1ad7f5e8c849f24086bc0696b9383313b
  md5: 04354147d91b3ac936a4f410af5e1d0f
  depends:
  - binutils_impl_win-64 >=2.45
  - libgcc >=15.2.0
  - libgcc-devel_win-64 15.2.0 hbb59886_119
  - libgomp >=15.2.0
  - libstdcxx >=15.2.0
  - libstdcxx-devel_win-64 15.2.0 h0a72980_119
  - m2w64-sysroot_win-64
  license: GPL-3.0-only WITH GCC-exception-3.1
  license_family: GPL
  size: 62130152
  timestamp: 1778273122806
- conda: https://conda.anaconda.org/conda-forge/win-64/gcc_win-64-15.2.0-ha204fe2_25.conda
  sha256: dd218ecb365686cdf46009290ddcbb511140c3d3f0189f0ffe2a5b31c0369a6b
  md5: d47672c0c64540d751f3dd023b123dd2
  depends:
  - gcc_impl_win-64 15.2.0.*
  - binutils_win-64
  - m2w64-sysroot_win-64
  - gendef
  license: BSD-3-Clause
  license_family: BSD
  size: 29555
  timestamp: 1779371708212
- conda: https://conda.anaconda.org/conda-forge/win-64/gendef-v12.0.0.r1.ggdc42231f0-he1bec0e_1.conda
  sha256: 1c4efe88c067b9c7056ad349ef67d0ffcb8b87615cff8164b7c76683f6ae6e3d
  md5: a738301b7ff9c74a1ec82655a9dfae8d
  depends:
  - libwinpthread >=12.0.0.r2.ggc561118da
  - ucrt >=10.0.20348.0
  license: MIT AND GPL-3.0-or-later
  license_family: GPL
  size: 85962
  timestamp: 1718985997817
- conda: https://conda.anaconda.org/conda-forge/win-64/glfw-3.4-hfd05255_1.conda
  sha256: b71b2cdaf2b781608a1b5b3fb772c713032057cb79bc1343d9f30b8f7f65daa1
  md5: 74d8bf762b7fe17e02b586b2d8bc1da3
  depends:
  - ucrt >=10.0.20348.0
  - vc >=14.3,<15
  - vc14_runtime >=14.44.35208
  license: Zlib
  size: 119345
  timestamp: 1758809778618
- conda: https://conda.anaconda.org/conda-forge/win-64/gxx_impl_win-64-15.2.0-h22fd5bf_19.conda
  sha256: 2f3b16794653b12a4aebe9e8073f51dd5f8ff1c82b40585434d1a7f32ff0a558
  md5: 816b9049907b42a6a4ec655aebe67d3c
  depends:
  - gcc_impl_win-64 15.2.0 h062b9a2_19
  - libstdcxx-devel_win-64 15.2.0 h0a72980_119
  - m2w64-sysroot_win-64
  - tzdata
  license: GPL-3.0-only WITH GCC-exception-3.1
  license_family: GPL
  size: 14813951
  timestamp: 1778273408391
- conda: https://conda.anaconda.org/conda-forge/win-64/gxx_win-64-15.2.0-h4dfe0ec_25.conda
  sha256: 4850e54e46828a4016984cfbd39f045edae23b3974b7454caba2efba6af060cb
  md5: eb1913df343c2b1d63ffeb188fa9de8d
  depends:
  - gxx_impl_win-64 15.2.0.*
  - gcc_win-64 ==15.2.0 ha204fe2_25
  - binutils_win-64
  - m2w64-sysroot_win-64
  license: BSD-3-Clause
  license_family: BSD
  size: 28079
  timestamp: 1779371708212
- conda: https://conda.anaconda.org/conda-forge/noarch/importlib_resources-7.1.0-pyhd8ed1ab_0.conda
  sha256: a563a51aa522998172838e867e6dedcf630bc45796e8612f5a1f6d73e9c8125a
  md5: 0ba6225c279baf7ea9473a62ea0ec9ae
  depends:
  - python >=3.10
  - zipp >=3.1.0
  constrains:
  - importlib-resources >=7.1.0,<7.1.1.0a0
  license: Apache-2.0
  license_family: APACHE
  size: 34809
  timestamp: 1776068839274
- conda: https://conda.anaconda.org/conda-forge/win-64/ld_impl_win-64-2.45.1-default_hfd38196_102.conda
  sha256: 5256fe3ac465452a9702ca2b48adf47d1de905ed47d98fd5976ddb9c7a85619c
  md5: b0019a6e9267dd74b7efeefa970df76a
  depends:
  - zstd >=1.5.7,<1.6.0a0
  constrains:
  - binutils_impl_win-64 2.45.1
  license: GPL-3.0-only
  license_family: GPL
  size: 877159
  timestamp: 1774198058013
- conda: https://conda.anaconda.org/conda-forge/win-64/libabseil-20260107.1-cxx17_h0eb2380_0.conda
  sha256: 7e7f3754f8afaabd946dc11d7c00fd1dc93f0388a2d226a7abf1bf07deab0e2b
  md5: 60da39dd5fd93b2a4a0f986f3acc2520
  depends:
  - ucrt >=10.0.20348.0
  - vc >=14.3,<15
  - vc14_runtime >=14.44.35208
  constrains:
  - libabseil-static =20260107.1=cxx17*
  - abseil-cpp =20260107.1
  license: Apache-2.0
  license_family: Apache
  size: 1884784
  timestamp: 1770863303486
- conda: https://conda.anaconda.org/conda-forge/win-64/libblas-3.11.0-8_h8455456_mkl.conda
  build_number: 8
  sha256: 43a87b59e6d4c68d80b2e4de487b1b54d66fe1f9a06636909b5a5ab9eae27269
  md5: 4a0ce24b1a946ff77ae9eaa7ef015a33
  depends:
  - mkl >=2026.0.0,<2027.0a0
  constrains:
  - libcblas   3.11.0   8*_mkl
  - liblapacke 3.11.0   8*_mkl
  - blas 2.308   mkl
  - liblapack  3.11.0   8*_mkl
  license: BSD-3-Clause
  license_family: BSD
  size: 68103
  timestamp: 1779859688049
- conda: https://conda.anaconda.org/conda-forge/win-64/libcblas-3.11.0-8_h2a3cdd5_mkl.conda
  build_number: 8
  sha256: 2a5b6555b481df4603e44cba49a6ef727584fd2f3c5235dd4bcb3028fffbdfb5
  md5: 09f1d8e4d2675d34ad2acb115211d10c
  depends:
  - libblas 3.11.0 8_h8455456_mkl
  constrains:
  - liblapacke 3.11.0   8*_mkl
  - blas 2.308   mkl
  - liblapack  3.11.0   8*_mkl
  license: BSD-3-Clause
  license_family: BSD
  size: 68443
  timestamp: 1779859701498
- conda: https://conda.anaconda.org/conda-forge/win-64/libccd-double-2.1-h63175ca_3.conda
  sha256: 0e967ccf9d0de3778bf08a5905a082f5aa036afa85954441bf935f65df0e2fca
  md5: a5e539b436324684efb811b0d3e66aff
  depends:
  - ucrt >=10.0.20348.0
  - vc >=14.2,<15
  - vc14_runtime >=14.29.30139
  constrains:
  - libccd <1
  license: BSD-3-Clause
  license_family: BSD
  size: 36657
  timestamp: 1687342325491
- conda: https://conda.anaconda.org/conda-forge/win-64/libexpat-2.8.1-hac47afa_0.conda
  sha256: a65e518c20d1482182bc0f1f6dd5d992f25ca44c3b32307be39ae8310db8f060
  md5: 23eb9474a16d4b9f6f27429989e82002
  depends:
  - ucrt >=10.0.20348.0
  - vc >=14.3,<15
  - vc14_runtime >=14.44.35208
  constrains:
  - expat 2.8.1.*
  license: MIT
  license_family: MIT
  size: 71280
  timestamp: 1779278786150
- conda: https://conda.anaconda.org/conda-forge/win-64/libffi-3.5.2-h3d046cb_0.conda
  sha256: 59d01f2dfa8b77491b5888a5ab88ff4e1574c9359f7e229da254cdfe27ddc190
  md5: 720b39f5ec0610457b725eb3f396219a
  depends:
  - ucrt >=10.0.20348.0
  - vc >=14.3,<15
  - vc14_runtime >=14.44.35208
  license: MIT
  license_family: MIT
  size: 45831
  timestamp: 1769456418774
- conda: https://conda.anaconda.org/conda-forge/win-64/libgcc-15.2.0-h8ee18e1_19.conda
  sha256: 80e80ef5e31b00b12539db3c5aaecde60dab91381abfc1060e323d5c3b016dce
  md5: cc5d690fc1c629038f13c68e88e65f44
  depends:
  - _openmp_mutex >=4.5
  - libwinpthread >=12.0.0.r4.gg4f2fc60ca
  constrains:
  - msys2-conda-epoch <0.0a0
  - libgcc-ng ==15.2.0=*_19
  - libgomp 15.2.0 h8ee18e1_19
  license: GPL-3.0-only WITH GCC-exception-3.1
  license_family: GPL
  size: 821854
  timestamp: 1778273037795
- conda: https://conda.anaconda.org/conda-forge/noarch/libgcc-devel_win-64-15.2.0-hbb59886_119.conda
  sha256: 5ea9053e6c903e1ebba35e478df14f9f0fd520ad9dadc944ca5697688d621e97
  md5: 8b4a82e71682c1de2b0839023d6e3133
  depends:
  - m2-conda-epoch
  license: GPL-3.0-only WITH GCC-exception-3.1
  license_family: GPL
  size: 2419170
  timestamp: 1778272969212
- conda: https://conda.anaconda.org/conda-forge/win-64/libgomp-15.2.0-h8ee18e1_19.conda
  sha256: 4dc958ced2fc7f42bc675b07e2c9abe3e150875ffdf62ca551d94fc6facf1fd7
  md5: f1147651e3fdd585e2f442c0c2fc8f2d
  depends:
  - libwinpthread >=12.0.0.r4.gg4f2fc60ca
  constrains:
  - msys2-conda-epoch <0.0a0
  license: GPL-3.0-only WITH GCC-exception-3.1
  license_family: GPL
  size: 664640
  timestamp: 1778272979661
- conda: https://conda.anaconda.org/conda-forge/win-64/libhwloc-2.13.0-default_h049141e_1000.conda
  sha256: 2ee12e37223dfcd0acd050c80a91150c482b6e2899198521e1800dce66662467
  md5: 6a01c986e30292c715038d2788aa1385
  depends:
  - libwinpthread >=12.0.0.r4.gg4f2fc60ca
  - libxml2
  - libxml2-16 >=2.14.6
  - ucrt >=10.0.20348.0
  - vc >=14.3,<15
  - vc14_runtime >=14.44.35208
  license: BSD-3-Clause
  license_family: BSD
  size: 2396128
  timestamp: 1770954127918
- conda: https://conda.anaconda.org/conda-forge/win-64/libiconv-1.18-hc1393d2_2.conda
  sha256: 0dcdb1a5f01863ac4e8ba006a8b0dc1a02d2221ec3319b5915a1863254d7efa7
  md5: 64571d1dd6cdcfa25d0664a5950fdaa2
  depends:
  - ucrt >=10.0.20348.0
  - vc >=14.3,<15
  - vc14_runtime >=14.44.35208
  license: LGPL-2.1-only
  size: 696926
  timestamp: 1754909290005
- conda: https://conda.anaconda.org/conda-forge/win-64/liblapack-3.11.0-8_hf9ab0e9_mkl.conda
  build_number: 8
  sha256: 44999ed04bc0a56de44ee0ac8bd5b3702efd411a8b29491c0e3d3deb8619c94e
  md5: d584799b920ecae9b75a2b70743a3de7
  depends:
  - libblas 3.11.0 8_h8455456_mkl
  constrains:
  - libcblas   3.11.0   8*_mkl
  - liblapacke 3.11.0   8*_mkl
  - blas 2.308   mkl
  license: BSD-3-Clause
  license_family: BSD
  size: 81027
  timestamp: 1779859714698
- conda: https://conda.anaconda.org/conda-forge/win-64/liblzma-5.8.3-hfd05255_0.conda
  sha256: d636d1a25234063642f9c531a7bb58d84c1c496411280a36ea000bd122f078f1
  md5: 8f83619ab1588b98dd99c90b0bfc5c6d
  depends:
  - ucrt >=10.0.20348.0
  - vc >=14.3,<15
  - vc14_runtime >=14.44.35208
  constrains:
  - xz 5.8.3.*
  license: 0BSD
  size: 106486
  timestamp: 1775825663227
- conda: https://conda.anaconda.org/conda-forge/win-64/libmpdec-4.0.0-hfd05255_1.conda
  sha256: 40dcd0b9522a6e0af72a9db0ced619176e7cfdb114855c7a64f278e73f8a7514
  md5: e4a9fc2bba3b022dad998c78856afe47
  depends:
  - ucrt >=10.0.20348.0
  - vc >=14.3,<15
  - vc14_runtime >=14.44.35208
  license: BSD-2-Clause
  license_family: BSD
  size: 89411
  timestamp: 1769482314283
- conda: https://conda.anaconda.org/conda-forge/win-64/libmujoco-3.9.0-hdb168cf_0.conda
  sha256: e30f483c99a132ee18555bbbf451b2db31483acd2407bf8859e4d1f0e923d1cd
  md5: 0c8fcfa3702ade1e6960e09b9c9dbb61
  depends:
  - vc >=14.3,<15
  - vc14_runtime >=14.44.35208
  - ucrt >=10.0.20348.0
  - glfw >=3.4,<4.0a0
  - tinyxml2 >=11.0.0,<11.1.0a0
  - qhull >=2020.2,<2020.3.0a0
  - libtinyobjloader ==2.0.0rc13
  - libccd-double >=2.1,<2.2.0a0
  - lodepng >=20220109,<20220110.0a0
  constrains:
  - mujoco-cxx <0
  license: Apache-2.0
  license_family: APACHE
  size: 11193021
  timestamp: 1779985353377
- conda: https://conda.anaconda.org/conda-forge/win-64/libsqlite-3.53.2-hf5d6505_0.conda
  sha256: 4cd81319dcc58fb758da20a6d5595950c021adc2c18d7cffeadcfb590529629f
  md5: df294e7f9f24a6063f0e226f4d028fda
  depends:
  - ucrt >=10.0.20348.0
  - vc >=14.3,<15
  - vc14_runtime >=14.44.35208
  license: blessing
  size: 1313306
  timestamp: 1780574491977
- conda: https://conda.anaconda.org/conda-forge/win-64/libstdcxx-15.2.0-hae5796f_19.conda
  sha256: 39e3ccf4fa64e24196e57ca34387bdd8f7c749bf3beab1a849244e6923c288d2
  md5: fff457de671788d3df3d5cb246caec3e
  depends:
  - libgcc 15.2.0 h8ee18e1_19
  - libwinpthread >=12.0.0.r4.gg4f2fc60ca
  constrains:
  - libstdcxx-ng ==15.2.0=*_19
  license: GPL-3.0-only WITH GCC-exception-3.1
  license_family: GPL
  size: 6461114
  timestamp: 1778273060138
- conda: https://conda.anaconda.org/conda-forge/noarch/libstdcxx-devel_win-64-15.2.0-h0a72980_119.conda
  sha256: deea115b736d7fe4acbf15c928fc26def84e30211f09a7aac6bed9940862b6e6
  md5: 928d9a3adb00850a4b5a888683c29465
  depends:
  - m2-conda-epoch
  license: GPL-3.0-only WITH GCC-exception-3.1
  license_family: GPL
  size: 11634599
  timestamp: 1778272991364
- conda: https://conda.anaconda.org/conda-forge/win-64/libtinyobjloader-2.0.0rc13-h5112557_1.conda
  sha256: 31bf04bf08fdc9511dc6cbc12652653280c184b1fdca0804304c5c9eb2495f3f
  md5: 7bfe3e5c5f444f47f032ceb01524da78
  depends:
  - vc >=14.3,<15
  - vc14_runtime >=14.44.35208
  - ucrt >=10.0.20348.0
  license: MIT
  license_family: MIT
  size: 187545
  timestamp: 1773673318232
- conda: https://conda.anaconda.org/conda-forge/win-64/libwinpthread-12.0.0.r4.gg4f2fc60ca-h57928b3_10.conda
  sha256: 0fccf2d17026255b6e10ace1f191d0a2a18f2d65088fd02430be17c701f8ffe0
  md5: 8a86073cf3b343b87d03f41790d8b4e5
  depends:
  - ucrt
  constrains:
  - pthreads-win32 <0.0a0
  - msys2-conda-epoch <0.0a0
  license: MIT AND BSD-3-Clause-Clear
  size: 36621
  timestamp: 1759768399557
- conda: https://conda.anaconda.org/conda-forge/win-64/libxml2-2.15.3-hbc0d294_0.conda
  sha256: da68af9d9d28d65a6916db1bef68f8a25c64c4fdcf759f32a2d2f2f143220adf
  md5: e3b5acbb857a12f5d59e8d174bc536c0
  depends:
  - libiconv >=1.18,<2.0a0
  - liblzma >=5.8.3,<6.0a0
  - libxml2-16 2.15.3 h692994f_0
  - libzlib >=1.3.2,<2.0a0
  - ucrt >=10.0.20348.0
  - vc >=14.3,<15
  - vc14_runtime >=14.44.35208
  constrains:
  - icu <0.0a0
  license: MIT
  license_family: MIT
  size: 43916
  timestamp: 1776376994334
- conda: https://conda.anaconda.org/conda-forge/win-64/libxml2-16-2.15.3-h692994f_0.conda
  sha256: 8038084c60eda2006d0122d05e3364fe8db0a18935ca6ed0168b5ba5aa33f904
  md5: f7d6fcda29570e20851b78d92ea2154e
  depends:
  - libiconv >=1.18,<2.0a0
  - liblzma >=5.8.3,<6.0a0
  - libzlib >=1.3.2,<2.0a0
  - ucrt >=10.0.20348.0
  - vc >=14.3,<15
  - vc14_runtime >=14.44.35208
  constrains:
  - libxml2 2.15.3
  - icu <0.0a0
  license: MIT
  license_family: MIT
  size: 518869
  timestamp: 1776376971242
- conda: https://conda.anaconda.org/conda-forge/win-64/libzlib-1.3.2-hfd05255_2.conda
  sha256: 88609816e0cc7452bac637aaf65783e5edf4fee8a9f8e22bdc3a75882c536061
  md5: dbabbd6234dea34040e631f87676292f
  depends:
  - ucrt >=10.0.20348.0
  - vc >=14.3,<15
  - vc14_runtime >=14.44.35208
  constrains:
  - zlib 1.3.2 *_2
  license: Zlib
  license_family: Other
  size: 58347
  timestamp: 1774072851498
- conda: https://conda.anaconda.org/conda-forge/win-64/llvm-openmp-22.1.7-h4fa8253_0.conda
  sha256: 70140a1fa5d7cb801c6be3273b0704b5f0e418e2fff6b12b8ce9db13067a1ed5
  md5: 0ca3373049a5be11689bc2f9b2f3a9d2
  depends:
  - ucrt >=10.0.20348.0
  - vc >=14.3,<15
  - vc14_runtime >=14.44.35208
  constrains:
  - intel-openmp <0.0a0
  - openmp 22.1.7|22.1.7.*
  license: Apache-2.0 WITH LLVM-exception
  license_family: APACHE
  size: 347536
  timestamp: 1780456277495
- conda: https://conda.anaconda.org/conda-forge/win-64/lodepng-20220109-h2d74725_0.tar.bz2
  sha256: 21fb85cdc43fd2fb059c3482e471041b5e5b0e89a0f39cd89b179a579ec7ba6a
  md5: 97bb5427961880e83474c0f0b2c14eca
  depends:
  - vc >=14.1,<15
  - vs2015_runtime >=14.16.27033
  license: Zlib
  size: 96344
  timestamp: 1654539068393
- conda: https://conda.anaconda.org/conda-forge/win-64/m2-conda-epoch-20250515-0_x86_64.conda
  build_number: 0
  sha256: 51e9214548f177db9c3fe70424e3774c95bf19cd69e0e56e83abe2e393228ba1
  md5: 7d60fb16df2cd07fbc3dbff1c9df4244
  constrains:
  - msys2-conda-epoch <0.0a0
  license: BSD-3-Clause
  license_family: BSD
  size: 7539
  timestamp: 1747330852019
- conda: https://conda.anaconda.org/conda-forge/noarch/m2w64-sysroot_win-64-12.0.0.r4.gg4f2fc60ca-hd8ed1ab_10.conda
  sha256: fb0ffe6b3c25189038c29abbd1fac2522d87fe2775a09e5f5088e5542dc3309b
  md5: 9676d2a30fa3ffa4e5350041d0993758
  depends:
  - m2-conda-epoch
  - mingw-w64-ucrt-x86_64-crt-git 12.0.0.r4.gg4f2fc60ca hd8ed1ab_10
  - mingw-w64-ucrt-x86_64-headers-git 12.0.0.r4.gg4f2fc60ca hd8ed1ab_10
  - mingw-w64-ucrt-x86_64-windows-default-manifest
  - mingw-w64-ucrt-x86_64-winpthreads-git 12.0.0.r4.gg4f2fc60ca hd8ed1ab_10
  - ucrt
  size: 8421
  timestamp: 1759768559974
- conda: https://conda.anaconda.org/conda-forge/win-64/make-4.4.1-h0e40799_2.conda
  sha256: a810cdca3d5fa50d562cda23c0c1195b45ff5f9b0c41e0d4c8c2dd3c043ff4f2
  md5: 77ff648ad9fec660f261aa8ab0949f62
  depends:
  - libgcc >=13
  - libwinpthread >=12.0.0.r4.gg4f2fc60ca
  - ucrt >=10.0.20348.0
  license: GPL-3.0-or-later
  license_family: GPL
  size: 2176937
  timestamp: 1727802346950
- conda: https://conda.anaconda.org/conda-forge/noarch/mingw-w64-ucrt-x86_64-crt-git-12.0.0.r4.gg4f2fc60ca-hd8ed1ab_10.conda
  sha256: de3e42149b498c16bfb485b7729f4ca0fe392be576a2a10ff702d661799b1df3
  md5: 44ffa6d68699ec9321f6d48d75bdc726
  depends:
  - m2-conda-epoch
  - mingw-w64-ucrt-x86_64-headers-git 12.0.0.r4.gg4f2fc60ca hd8ed1ab_10
  constrains:
  - mingw-w64-ucrt-x86_64-winpthreads-git 12.0.0.r4.gg4f2fc60ca.*
  license: ZPL-2.1
  size: 5663635
  timestamp: 1759768458961
- conda: https://conda.anaconda.org/conda-forge/noarch/mingw-w64-ucrt-x86_64-headers-git-12.0.0.r4.gg4f2fc60ca-hd8ed1ab_10.conda
  sha256: 1add86481f35163215e7076e6f06f22aa9f1f9345a5fff5cb07bc846c13fbec7
  md5: cab7b807024204893ef5bb1860d91408
  depends:
  - m2-conda-epoch
  constrains:
  - mingw-w64-ucrt-x86_64-crt-git 12.0.0.r4.gg4f2fc60ca.*
  - mingw-w64-ucrt-x86_64-winpthreads-git 12.0.0.r4.gg4f2fc60ca.*
  license: ZPL-2.1 AND LGPL-2.1-or-later
  size: 7089846
  timestamp: 1759768412123
- conda: https://conda.anaconda.org/conda-forge/noarch/mingw-w64-ucrt-x86_64-windows-default-manifest-6.4-he206cdd_7.conda
  sha256: 5b0df4e0ba8487ffd59f60c34c5dbb9e001ecd2c5d2c66ba88eada40bfa3ecb8
  md5: 1d6b5c96d7e3cce773519d7d1a4482f0
  depends:
  - __win
  constrains:
  - m2w64-sysroot_win-64 >=12.0.0.r0
  license: FSFAP
  size: 7412
  timestamp: 1717486007140
- conda: https://conda.anaconda.org/conda-forge/noarch/mingw-w64-ucrt-x86_64-winpthreads-git-12.0.0.r4.gg4f2fc60ca-hd8ed1ab_10.conda
  sha256: 828abb111286940473c4c665fc8ab300d28920f5af83b32295e8bf2256a8f342
  md5: ba0eeff6a5c62b83c771bb392e22dbb4
  depends:
  - m2-conda-epoch
  - mingw-w64-ucrt-x86_64-headers-git 12.0.0.r4.gg4f2fc60ca hd8ed1ab_10
  constrains:
  - mingw-w64-ucrt-x86_64-crt-git 12.0.0.r4.gg4f2fc60ca.*
  license: MIT AND BSD-3-Clause-Clear
  size: 123916
  timestamp: 1759768539535
- conda: https://conda.anaconda.org/conda-forge/win-64/mkl-2026.0.0-hac47afa_908.conda
  sha256: f997bfc9bc4d4e14261cdcd1ad195d64a72ee44dca3145d24c1349f8d1311aa5
  md5: 36ea6e1292e9d5e89374201da79646ef
  depends:
  - llvm-openmp >=22.1.5
  - onemkl-license 2026.0.0 h57928b3_908
  - tbb >=2023.0.0
  - ucrt >=10.0.20348.0
  - vc >=14.3,<15
  - vc14_runtime >=14.44.35208
  license: LicenseRef-IntelSimplifiedSoftwareOct2022
  license_family: Proprietary
  size: 114354729
  timestamp: 1779293121860
- conda: https://conda.anaconda.org/conda-forge/win-64/mujoco-3.9.0-h44891ce_0.conda
  sha256: f9076d2a1069c51cc72834d0e7563372eacc6f8b33cc4ccd544047a154001e9b
  md5: d21540f3cb93909149ab8fd22075090b
  depends:
  - libmujoco ==3.9.0 hdb168cf_0
  - mujoco-samples ==3.9.0 h4fb1d53_0
  - mujoco-simulate ==3.9.0 h3337d44_0
  - mujoco-python >=3.9.0,<3.9.1.0a0
  license: Apache-2.0
  license_family: APACHE
  size: 18031
  timestamp: 1779985353377
- conda: https://conda.anaconda.org/conda-forge/win-64/mujoco-python-3.9.0-np2py314h5a87da7_0.conda
  sha256: 390bd9aae82eb7b736ec438a8146b2bcd7a066c6dc4d363d39ab26f189200367
  md5: 7b07df977b2b2fed87595494e26cb245
  depends:
  - libmujoco ==3.9.0 hdb168cf_0
  - python
  - numpy
  - absl-py
  - pyglfw
  - pyopengl
  - etils
  - fsspec
  - importlib_resources
  - typing_extensions
  - zipp
  - vc >=14.3,<15
  - vc14_runtime >=14.44.35208
  - ucrt >=10.0.20348.0
  - python_abi 3.14.* *_cp314
  - numpy >=1.23,<3
  - pybind11-abi ==11
  - glfw >=3.4,<4.0a0
  - lodepng >=20220109,<20220110.0a0
  - libmujoco >=3.9.0,<3.9.1.0a0
  - libabseil >=20260107.1,<20260108.0a0
  - libabseil * cxx17*
  license: Apache-2.0
  license_family: APACHE
  size: 2786230
  timestamp: 1779985353377
- conda: https://conda.anaconda.org/conda-forge/win-64/mujoco-samples-3.9.0-h4fb1d53_0.conda
  sha256: 1dcac828da38f6dfc423fb3910251d6ce775ba67722950e76f8c863353cdf081
  md5: 52d35736369e12e7769a10bc6a9adfb5
  depends:
  - libmujoco >=3.9.0,<3.9.1.0a0
  - vc >=14.3,<15
  - vc14_runtime >=14.44.35208
  - ucrt >=10.0.20348.0
  - glfw >=3.4,<4.0a0
  license: Apache-2.0
  license_family: APACHE
  size: 52027
  timestamp: 1779985353377
- conda: https://conda.anaconda.org/conda-forge/win-64/mujoco-simulate-3.9.0-h3337d44_0.conda
  sha256: 1ff2bba05f33c63bf91e9594994e4b31ad6a2692cdbd09e756940b358244e6d0
  md5: da019aae6f99a5e342ee6389b4b29e13
  depends:
  - libmujoco ==3.9.0 hdb168cf_0
  license: Apache-2.0
  license_family: APACHE
  size: 17890
  timestamp: 1779985353377
- conda: https://conda.anaconda.org/conda-forge/win-64/numpy-2.4.6-py314h02f10f6_0.conda
  sha256: de0eee21d902fb45a58454e3739e04ede7d02bf7575ca0ae9f959f20fa15c76b
  md5: df95e6c7325bbae2571e5cef5f9c8096
  depends:
  - python
  - vc >=14.3,<15
  - vc14_runtime >=14.44.35208
  - ucrt >=10.0.20348.0
  - libcblas >=3.9.0,<4.0a0
  - liblapack >=3.9.0,<4.0a0
  - libblas >=3.9.0,<4.0a0
  - python_abi 3.14.* *_cp314
  constrains:
  - numpy-base <0a0
  license: BSD-3-Clause
  license_family: BSD
  size: 7318163
  timestamp: 1779169232086
- conda: https://conda.anaconda.org/conda-forge/win-64/onemkl-license-2026.0.0-h57928b3_908.conda
  sha256: 42ad15cbb3bf31830efa04d4b86dd2d5c0dd590c86f98adcd3c8c1f75acf5dd5
  md5: 9c9303e08b50e09f5c23e1dac99d0936
  license: LicenseRef-IntelSimplifiedSoftwareOct2022
  license_family: Proprietary
  size: 41580
  timestamp: 1779292867015
- conda: https://conda.anaconda.org/conda-forge/win-64/openssl-3.6.3-hf411b9b_0.conda
  sha256: cb6e7ba0d010ee0d3249ce9886de3d7613d26d9965d4c95666fa66b9c4c31001
  md5: e99f95734a326c0fd4d02bbd995150d4
  depends:
  - ca-certificates
  - ucrt >=10.0.20348.0
  - vc >=14.3,<15
  - vc14_runtime >=14.44.35208
  license: Apache-2.0
  license_family: Apache
  size: 9414790
  timestamp: 1781071745579
- conda: https://conda.anaconda.org/conda-forge/noarch/pybind11-abi-11-hc364b38_1.conda
  sha256: 9e7fe12f727acd2787fb5816b2049cef4604b7a00ad3e408c5e709c298ce8bf1
  md5: f0599959a2447c1e544e216bddf393fa
  license: BSD-3-Clause
  license_family: BSD
  size: 14671
  timestamp: 1752769938071
- conda: https://conda.anaconda.org/conda-forge/noarch/pyglfw-2.10.0-pyha770c72_0.conda
  sha256: 1a3143f429501d3cae877d5ffe5cc07b2422c2145e73d5abdf22b29ae0ce0250
  md5: 6756789a134e25ec77d4697a1f9462fb
  depends:
  - glfw
  - python >=3.10
  license: MIT
  license_family: MIT
  size: 31744
  timestamp: 1757704430445
- conda: https://conda.anaconda.org/conda-forge/noarch/pyopengl-3.1.10-pyh7428d3b_2.conda
  sha256: 4e2bd274c9c8d4d934b9e4d791a52cd9885ad5d6718687fef098d1e1d4d1505c
  md5: 63a67d671e4a241ea2cd29a2dc62c22e
  depends:
  - __win
  - python >=3.10
  license: LicenseRef-pyopengl
  size: 1443330
  timestamp: 1756496583900
- conda: https://conda.anaconda.org/conda-forge/win-64/python-3.14.5-h4b44e0e_100_cp314.conda
  build_number: 100
  sha256: c561d171e5d1f1bb1a83ca6fa6aa49577a2956a245c5040dfaf8ca20c10a096e
  md5: 3f76bc298eebc1ec1497852f4d7f09d9
  depends:
  - bzip2 >=1.0.8,<2.0a0
  - libexpat >=2.8.0,<3.0a0
  - libffi >=3.5.2,<3.6.0a0
  - liblzma >=5.8.3,<6.0a0
  - libmpdec >=4.0.0,<5.0a0
  - libsqlite >=3.53.1,<4.0a0
  - libzlib >=1.3.2,<2.0a0
  - openssl >=3.5.6,<4.0a0
  - python_abi 3.14.* *_cp314
  - tk >=8.6.13,<8.7.0a0
  - tzdata
  - ucrt >=10.0.20348.0
  - vc >=14.3,<15
  - vc14_runtime >=14.44.35208
  - zstd >=1.5.7,<1.6.0a0
  license: Python-2.0
  size: 18375338
  timestamp: 1779237800732
  python_site_packages_path: Lib/site-packages
- conda: https://conda.anaconda.org/conda-forge/noarch/python_abi-3.14-8_cp314.conda
  build_number: 8
  sha256: ad6d2e9ac39751cc0529dd1566a26751a0bf2542adb0c232533d32e176e21db5
  md5: 0539938c55b6b1a59b560e843ad864a4
  constrains:
  - python 3.14.* *_cp314
  license: BSD-3-Clause
  license_family: BSD
  size: 6989
  timestamp: 1752805904792
- conda: https://conda.anaconda.org/conda-forge/win-64/qhull-2020.2-hc790b64_5.conda
  sha256: 887d53486a37bd870da62b8fa2ebe3993f912ad04bd755e7ed7c47ced97cbaa8
  md5: 854fbdff64b572b5c0b470f334d34c11
  depends:
  - ucrt >=10.0.20348.0
  - vc >=14.2,<15
  - vc14_runtime >=14.29.30139
  license: LicenseRef-Qhull
  size: 1377020
  timestamp: 1720814433486
- conda: https://conda.anaconda.org/conda-forge/win-64/tbb-2023.0.0-hd3d4ead_2.conda
  sha256: 8a4053839b8e997a5965e2dff7d6cf3c77be62d82c0e48c8a04a5ed2d2e73035
  md5: 8ee01a693aecff5432069eaaf1183c45
  depends:
  - libhwloc >=2.13.0,<2.13.1.0a0
  - ucrt >=10.0.20348.0
  - vc >=14.3,<15
  - vc14_runtime >=14.44.35208
  license: Apache-2.0
  license_family: APACHE
  size: 156515
  timestamp: 1778673901757
- conda: https://conda.anaconda.org/conda-forge/win-64/tinyxml2-11.0.0-he0c23c2_0.conda
  sha256: f22e0ef11cce8b25e48a2d4a0ca8a2fc5b89841c36f8ec955b01baff7cd3a924
  md5: e80ff399c7b08f37ecdaeaeb5017b9fb
  depends:
  - vc >=14.2,<15
  - vc14_runtime >=14.29.30139
  - ucrt >=10.0.20348.0
  - vc >=14.2,<15
  - vc14_runtime >=14.29.30139
  - ucrt >=10.0.20348.0
  license: Zlib
  size: 75152
  timestamp: 1742246154008
- conda: https://conda.anaconda.org/conda-forge/win-64/tk-8.6.13-h6ed50ae_3.conda
  sha256: 0e79810fae28f3b69fe7391b0d43f5474d6bd91d451d5f2bde02f55ae481d5e3
  md5: 0481bfd9814bf525bd4b3ee4b51494c4
  depends:
  - ucrt >=10.0.20348.0
  - vc >=14.3,<15
  - vc14_runtime >=14.44.35208
  license: TCL
  license_family: BSD
  size: 3526350
  timestamp: 1769460339384
- conda: https://conda.anaconda.org/conda-forge/noarch/typing_extensions-4.15.0-pyhcf101f3_0.conda
  sha256: 032271135bca55aeb156cee361c81350c6f3fb203f57d024d7e5a1fc9ef18731
  md5: 0caa1af407ecff61170c9437a808404d
  depends:
  - python >=3.10
  - python
  license: PSF-2.0
  license_family: PSF
  size: 51692
  timestamp: 1756220668932
- conda: https://conda.anaconda.org/conda-forge/noarch/tzdata-2025c-hc9c84f9_1.conda
  sha256: 1d30098909076af33a35017eed6f2953af1c769e273a0626a04722ac4acaba3c
  md5: ad659d0a2b3e47e38d829aa8cad2d610
  license: LicenseRef-Public-Domain
  size: 119135
  timestamp: 1767016325805
- conda: https://conda.anaconda.org/conda-forge/win-64/ucrt-10.0.26100.0-h57928b3_0.conda
  sha256: 3005729dce6f3d3f5ec91dfc49fc75a0095f9cd23bab49efb899657297ac91a5
  md5: 71b24316859acd00bdb8b38f5e2ce328
  constrains:
  - vc14_runtime >=14.29.30037
  - vs2015_runtime >=14.29.30037
  license: LicenseRef-MicrosoftWindowsSDK10
  size: 694692
  timestamp: 1756385147981
- conda: https://conda.anaconda.org/conda-forge/win-64/vc-14.5-h1b7c187_38.conda
  sha256: 61b68e5a4fc71a17f8d64b12e013a2f971ad980bd08e9c389d5e68efe1a67de0
  md5: 774568633f3b26d7a4a6dd4f9ea6d3e1
  depends:
  - vc14_runtime >=14.51.36231
  track_features:
  - vc14
  license: BSD-3-Clause
  license_family: BSD
  size: 20187
  timestamp: 1780005880049
- conda: https://conda.anaconda.org/conda-forge/win-64/vc14_runtime-14.51.36231-h1b9f54f_38.conda
  sha256: 957c7c65583c7107a5e76f39756c6361fcb7b0dc101ac7c0aea86e7ca09fe49c
  md5: 2cdcd8ea1010920911bb2eacb4c61227
  depends:
  - ucrt >=10.0.20348.0
  - vcomp14 14.51.36231 h1b9f54f_38
  constrains:
  - vs2015_runtime 14.51.36231.* *_38
  license: LicenseRef-MicrosoftVisualCpp2015-2022Runtime
  license_family: Proprietary
  size: 740997
  timestamp: 1780005875753
- conda: https://conda.anaconda.org/conda-forge/win-64/vcomp14-14.51.36231-h1b9f54f_38.conda
  sha256: c645fdc1f0f47718431d973386e946754a10200e7ba2c32032560913a970cacd
  md5: 63ee70d69d7540e821940dac5d4d9ba2
  depends:
  - ucrt >=10.0.20348.0
  constrains:
  - vs2015_runtime 14.51.36231.* *_38
  license: LicenseRef-MicrosoftVisualCpp2015-2022Runtime
  license_family: Proprietary
  size: 123561
  timestamp: 1780005858779
- conda: https://conda.anaconda.org/conda-forge/win-64/vs2015_runtime-14.51.36231-h84cd919_38.conda
  sha256: c4f38268563dc6b8322b0191481e5d20002fc6e37b076c15e0b955a553c8b4a0
  md5: 6033851d921b6c33f1c3018205fcba6a
  depends:
  - vc14_runtime >=14.51.36231
  license: BSD-3-Clause
  license_family: BSD
  size: 20170
  timestamp: 1780005880423
- conda: https://conda.anaconda.org/conda-forge/noarch/zipp-4.1.0-pyhcf101f3_0.conda
  sha256: 210bd31c22bb88f5e2a167df24c95bb5f152b2ada7502f9b8c49d1f5366db423
  md5: ba3dcdc8584155c97c648ae9c044b7a3
  depends:
  - python >=3.10
  - python
  license: MIT
  license_family: MIT
  size: 24190
  timestamp: 1779159948016
- conda: https://conda.anaconda.org/conda-forge/win-64/zstd-1.5.7-h534d264_6.conda
  sha256: 368d8628424966fd8f9c8018326a9c779e06913dd39e646cf331226acc90e5b2
  md5: 053b84beec00b71ea8ff7a4f84b55207
  depends:
  - vc >=14.3,<15
  - vc14_runtime >=14.44.35208
  - ucrt >=10.0.20348.0
  - libzlib >=1.3.1,<2.0a0
  license: BSD-3-Clause
  license_family: BSD
  size: 388453
  timestamp: 1764777142545
